
Microsoft Visual Studio Solution File, Format Version 12.00
# Visual Studio Version 17
VisualStudioVersion = 17.9.34701.34
MinimumVisualStudioVersion = 10.0.40219.1
Project("{9A19103F-16F7-4668-BE54-9A1E7A4F7556}") = "todoFrançois", "todoFrançois\todoFrançois.csproj", "{E87570B4-D2F3-4F71-A87B-6AC2C5B8DA00}"
EndProject
Global
	GlobalSection(SolutionConfigurationPlatforms) = preSolution
		Debug|Any CPU = Debug|Any CPU
		Release|Any CPU = Release|Any CPU
	EndGlobalSection
	GlobalSection(ProjectConfigurationPlatforms) = postSolution
		{E87570B4-D2F3-4F71-A87B-6AC2C5B8DA00}.Debug|Any CPU.ActiveCfg = Debug|Any CPU
		{E87570B4-D2F3-4F71-A87B-6AC2C5B8DA00}.Debug|Any CPU.Build.0 = Debug|Any CPU
		{E87570B4-D2F3-4F71-A87B-6AC2C5B8DA00}.Release|Any CPU.ActiveCfg = Release|Any CPU
		{E87570B4-D2F3-4F71-A87B-6AC2C5B8DA00}.Release|Any CPU.Build.0 = Release|Any CPU
	EndGlobalSection
	GlobalSection(SolutionProperties) = preSolution
		HideSolutionNode = FALSE
	EndGlobalSection
	GlobalSection(ExtensibilityGlobals) = postSolution
		SolutionGuid = {8B4DA6A7-48D1-48D6-B656-ED6F1127A48D}
	EndGlobalSection
EndGlobal
